
Microsoft Visual Studio Solution File, Format Version 12.00
# Visual Studio Version 17
VisualStudioVersion = 17.6.33829.357
MinimumVisualStudioVersion = 10.0.40219.1
Project("{FAE04EC0-301F-11D3-BF4B-00C04F79EFBC}") = "Shamblers_Sense", "Shamblers_Sense\Shamblers_Sense.csproj", "{DE0BEB8F-C40C-4966-989E-274379BDEBCF}"
EndProject
Global
	GlobalSection(SolutionConfigurationPlatforms) = preSolution
		Debug|Any CPU = Debug|Any CPU
		Release|Any CPU = Release|Any CPU
	EndGlobalSection
	GlobalSection(ProjectConfigurationPlatforms) = postSolution
		{DE0BEB8F-C40C-4966-989E-274379BDEBCF}.Debug|Any CPU.ActiveCfg = Debug|Any CPU
		{DE0BEB8F-C40C-4966-989E-274379BDEBCF}.Debug|Any CPU.Build.0 = Debug|Any CPU
		{DE0BEB8F-C40C-4966-989E-274379BDEBCF}.Release|Any CPU.ActiveCfg = Release|Any CPU
		{DE0BEB8F-C40C-4966-989E-274379BDEBCF}.Release|Any CPU.Build.0 = Release|Any CPU
	EndGlobalSection
	GlobalSection(SolutionProperties) = preSolution
		HideSolutionNode = FALSE
	EndGlobalSection
	GlobalSection(ExtensibilityGlobals) = postSolution
		SolutionGuid = {E5EDCE4C-94CB-46E8-B61D-6A8E02F5EA76}
	EndGlobalSection
EndGlobal
